
Microsoft Visual Studio Solution File, Format Version 12.00
# Visual Studio Version 16
VisualStudioVersion = 16.0.29230.47
MinimumVisualStudioVersion = 10.0.40219.1
Project("{FAE04EC0-301F-11D3-BF4B-00C04F79EFBC}") = "TablasDeMultiplicar", "TablasDeMultiplicar\TablasDeMultiplicar.csproj", "{D167BE70-D5D1-4C6E-B59C-2175AADCBBE8}"
EndProject
Global
	GlobalSection(SolutionConfigurationPlatforms) = preSolution
		Debug|Any CPU = Debug|Any CPU
		Release|Any CPU = Release|Any CPU
	EndGlobalSection
	GlobalSection(ProjectConfigurationPlatforms) = postSolution
		{D167BE70-D5D1-4C6E-B59C-2175AADCBBE8}.Debug|Any CPU.ActiveCfg = Debug|Any CPU
		{D167BE70-D5D1-4C6E-B59C-2175AADCBBE8}.Debug|Any CPU.Build.0 = Debug|Any CPU
		{D167BE70-D5D1-4C6E-B59C-2175AADCBBE8}.Release|Any CPU.ActiveCfg = Release|Any CPU
		{D167BE70-D5D1-4C6E-B59C-2175AADCBBE8}.Release|Any CPU.Build.0 = Release|Any CPU
	EndGlobalSection
	GlobalSection(SolutionProperties) = preSolution
		HideSolutionNode = FALSE
	EndGlobalSection
	GlobalSection(ExtensibilityGlobals) = postSolution
		SolutionGuid = {57D7543D-7F8D-4572-8177-D6F9FDE36658}
	EndGlobalSection
EndGlobal
